
Microsoft Visual Studio Solution File, Format Version 12.00
# Visual Studio 15
VisualStudioVersion = 15.0.28307.705
MinimumVisualStudioVersion = 10.0.40219.1
Project("{FAE04EC0-301F-11D3-BF4B-00C04F79EFBC}") = "MZcms.Model", "MZcms.Model\MZcms.Model.csproj", "{A02AD00A-D4B5-49F3-9C7E-F21FB52EDEC7}"
EndProject
Project("{FAE04EC0-301F-11D3-BF4B-00C04F79EFBC}") = "MZcms.Entity", "MZcms.Entity\MZcms.Entity.csproj", "{973601CC-C81F-42B1-A92F-2584C12F879C}"
EndProject
Project("{FAE04EC0-301F-11D3-BF4B-00C04F79EFBC}") = "MZcms.IServices", "MZcms.IServices\MZcms.IServices.csproj", "{E4D103FB-17B3-4692-AA8F-777369E38792}"
EndProject
Project("{FAE04EC0-301F-11D3-BF4B-00C04F79EFBC}") = "MZcms.Web.Framework", "MZcms.Web.Framework\MZcms.Web.Framework.csproj", "{3B003D77-5921-4472-9AFC-ECCD5325625A}"
EndProject
Project("{FAE04EC0-301F-11D3-BF4B-00C04F79EFBC}") = "MZcms.Web", "MZcms.Web\MZcms.Web.csproj", "{9FD7A4B9-C81F-47D3-B3F6-286F0F897730}"
EndProject
Project("{FAE04EC0-301F-11D3-BF4B-00C04F79EFBC}") = "MZcms.Core", "MZcms.Core\MZcms.Core.csproj", "{1D548533-FF8A-4789-8CA0-DB057F490A79}"
EndProject
Project("{FAE04EC0-301F-11D3-BF4B-00C04F79EFBC}") = "MZcms.SmallProgAPI", "MZcms.SmallProgAPI\MZcms.SmallProgAPI.csproj", "{D9ABF12D-D07A-482D-BB8F-FF0EAC57EAAE}"
EndProject
Project("{FAE04EC0-301F-11D3-BF4B-00C04F79EFBC}") = "MZcms.Service", "MZcms.Service\MZcms.Service.csproj", "{AA6BD65A-05E6-4A83-90AE-1CAEF59392F7}"
EndProject
Project("{FAE04EC0-301F-11D3-BF4B-00C04F79EFBC}") = "MZcms.ServiceProvider", "MZcms.ServiceProvider\MZcms.ServiceProvider.csproj", "{AFE1A8A1-0786-4505-BCC8-13DA69C2F78B}"
EndProject
Project("{2150E333-8FDC-42A3-9474-1A3956D46DE8}") = "Service", "Service", "{23DF379D-2B5B-4173-AF91-0F7AC3CAC253}"
EndProject
Project("{2150E333-8FDC-42A3-9474-1A3956D46DE8}") = "Data", "Data", "{97B8B353-98FE-4114-B9DD-DF37CAD1377A}"
EndProject
Project("{2150E333-8FDC-42A3-9474-1A3956D46DE8}") = "Web", "Web", "{CE8D084B-A9AB-42CE-AC87-E7C2F6BE6F4C}"
EndProject
Project("{FAE04EC0-301F-11D3-BF4B-00C04F79EFBC}") = "MZcms.Strategy.AspNetIO", "MZcms.Strategy.AspNetIO\MZcms.Strategy.AspNetIO.csproj", "{A02982A1-2801-4D00-B5F6-4AE09FE5D808}"
EndProject
Project("{FAE04EC0-301F-11D3-BF4B-00C04F79EFBC}") = "MZcms.Strategy.IO", "MZcms.Strategy.IO\MZcms.Strategy.IO.csproj", "{5AB5F901-3E1A-4942-AE41-D6F1EC01EDC4}"
EndProject
Project("{2150E333-8FDC-42A3-9474-1A3956D46DE8}") = "Strategies", "Strategies", "{DBB5B897-9F12-4CCE-B254-835C53D49B99}"
EndProject
Project("{2150E333-8FDC-42A3-9474-1A3956D46DE8}") = "Core", "Core", "{A3C01C2D-AD47-476B-9D31-4CB14CF2BCC0}"
EndProject
Project("{FAE04EC0-301F-11D3-BF4B-00C04F79EFBC}") = "MZcms.Application", "MZcms.Application\MZcms.Application.csproj", "{ECFF7519-6149-4BAC-8A99-B1DFD5F0B4CD}"
EndProject
Project("{2150E333-8FDC-42A3-9474-1A3956D46DE8}") = "Cache", "Cache", "{ECF228A2-11A6-4C04-9F0F-4C32887FBC4D}"
EndProject
Project("{2150E333-8FDC-42A3-9474-1A3956D46DE8}") = "IO", "IO", "{7FF278EE-DE1A-45EE-8BF8-3457394F3356}"
EndProject
Project("{FAE04EC0-301F-11D3-BF4B-00C04F79EFBC}") = "MZcms.Strategy.AspNetCache", "MZcms.Strategy.AspNetCache\MZcms.Strategy.AspNetCache.csproj", "{71189C1E-8AF6-465D-9733-2EA5CA56E023}"
EndProject
Project("{FAE04EC0-301F-11D3-BF4B-00C04F79EFBC}") = "MZcms.Strategy.Redis", "MZcms.Strategy.Redis\MZcms.Strategy.Redis.csproj", "{8EB32F1D-EEBD-436A-B4DF-A26DE38F28E3}"
EndProject
Project("{2150E333-8FDC-42A3-9474-1A3956D46DE8}") = "Application", "Application", "{71306C06-2A80-43FD-99CC-9E7C35C214B3}"
EndProject
Project("{FAE04EC0-301F-11D3-BF4B-00C04F79EFBC}") = "MZcms.CommonModel", "MZcms.CommonModel\MZcms.CommonModel.csproj", "{7754401E-0A9E-4FAB-B9F8-B2F03C6FBFE0}"
EndProject
Project("{FAE04EC0-301F-11D3-BF4B-00C04F79EFBC}") = "MZcms.DTO", "MZcms.DTO\MZcms.DTO.csproj", "{D576A645-16AE-44C2-98D1-CAFAEEC68DCB}"
EndProject
Global
	GlobalSection(SolutionConfigurationPlatforms) = preSolution
		Debug|Any CPU = Debug|Any CPU
		Release|Any CPU = Release|Any CPU
	EndGlobalSection
	GlobalSection(ProjectConfigurationPlatforms) = postSolution
		{A02AD00A-D4B5-49F3-9C7E-F21FB52EDEC7}.Debug|Any CPU.ActiveCfg = Debug|Any CPU
		{A02AD00A-D4B5-49F3-9C7E-F21FB52EDEC7}.Debug|Any CPU.Build.0 = Debug|Any CPU
		{A02AD00A-D4B5-49F3-9C7E-F21FB52EDEC7}.Release|Any CPU.ActiveCfg = Release|Any CPU
		{A02AD00A-D4B5-49F3-9C7E-F21FB52EDEC7}.Release|Any CPU.Build.0 = Release|Any CPU
		{973601CC-C81F-42B1-A92F-2584C12F879C}.Debug|Any CPU.ActiveCfg = Debug|Any CPU
		{973601CC-C81F-42B1-A92F-2584C12F879C}.Debug|Any CPU.Build.0 = Debug|Any CPU
		{973601CC-C81F-42B1-A92F-2584C12F879C}.Release|Any CPU.ActiveCfg = Release|Any CPU
		{973601CC-C81F-42B1-A92F-2584C12F879C}.Release|Any CPU.Build.0 = Release|Any CPU
		{E4D103FB-17B3-4692-AA8F-777369E38792}.Debug|Any CPU.ActiveCfg = Debug|Any CPU
		{E4D103FB-17B3-4692-AA8F-777369E38792}.Debug|Any CPU.Build.0 = Debug|Any CPU
		{E4D103FB-17B3-4692-AA8F-777369E38792}.Release|Any CPU.ActiveCfg = Release|Any CPU
		{E4D103FB-17B3-4692-AA8F-777369E38792}.Release|Any CPU.Build.0 = Release|Any CPU
		{3B003D77-5921-4472-9AFC-ECCD5325625A}.Debug|Any CPU.ActiveCfg = Debug|Any CPU
		{3B003D77-5921-4472-9AFC-ECCD5325625A}.Debug|Any CPU.Build.0 = Debug|Any CPU
		{3B003D77-5921-4472-9AFC-ECCD5325625A}.Release|Any CPU.ActiveCfg = Release|Any CPU
		{3B003D77-5921-4472-9AFC-ECCD5325625A}.Release|Any CPU.Build.0 = Release|Any CPU
		{9FD7A4B9-C81F-47D3-B3F6-286F0F897730}.Debug|Any CPU.ActiveCfg = Debug|Any CPU
		{9FD7A4B9-C81F-47D3-B3F6-286F0F897730}.Debug|Any CPU.Build.0 = Debug|Any CPU
		{9FD7A4B9-C81F-47D3-B3F6-286F0F897730}.Release|Any CPU.ActiveCfg = Release|Any CPU
		{9FD7A4B9-C81F-47D3-B3F6-286F0F897730}.Release|Any CPU.Build.0 = Release|Any CPU
		{1D548533-FF8A-4789-8CA0-DB057F490A79}.Debug|Any CPU.ActiveCfg = Debug|Any CPU
		{1D548533-FF8A-4789-8CA0-DB057F490A79}.Debug|Any CPU.Build.0 = Debug|Any CPU
		{1D548533-FF8A-4789-8CA0-DB057F490A79}.Release|Any CPU.ActiveCfg = Release|Any CPU
		{1D548533-FF8A-4789-8CA0-DB057F490A79}.Release|Any CPU.Build.0 = Release|Any CPU
		{D9ABF12D-D07A-482D-BB8F-FF0EAC57EAAE}.Debug|Any CPU.ActiveCfg = Debug|Any CPU
		{D9ABF12D-D07A-482D-BB8F-FF0EAC57EAAE}.Debug|Any CPU.Build.0 = Debug|Any CPU
		{D9ABF12D-D07A-482D-BB8F-FF0EAC57EAAE}.Release|Any CPU.ActiveCfg = Release|Any CPU
		{D9ABF12D-D07A-482D-BB8F-FF0EAC57EAAE}.Release|Any CPU.Build.0 = Release|Any CPU
		{AA6BD65A-05E6-4A83-90AE-1CAEF59392F7}.Debug|Any CPU.ActiveCfg = Debug|Any CPU
		{AA6BD65A-05E6-4A83-90AE-1CAEF59392F7}.Debug|Any CPU.Build.0 = Debug|Any CPU
		{AA6BD65A-05E6-4A83-90AE-1CAEF59392F7}.Release|Any CPU.ActiveCfg = Release|Any CPU
		{AA6BD65A-05E6-4A83-90AE-1CAEF59392F7}.Release|Any CPU.Build.0 = Release|Any CPU
		{AFE1A8A1-0786-4505-BCC8-13DA69C2F78B}.Debug|Any CPU.ActiveCfg = Debug|Any CPU
		{AFE1A8A1-0786-4505-BCC8-13DA69C2F78B}.Debug|Any CPU.Build.0 = Debug|Any CPU
		{AFE1A8A1-0786-4505-BCC8-13DA69C2F78B}.Release|Any CPU.ActiveCfg = Release|Any CPU
		{AFE1A8A1-0786-4505-BCC8-13DA69C2F78B}.Release|Any CPU.Build.0 = Release|Any CPU
		{A02982A1-2801-4D00-B5F6-4AE09FE5D808}.Debug|Any CPU.ActiveCfg = Debug|Any CPU
		{A02982A1-2801-4D00-B5F6-4AE09FE5D808}.Debug|Any CPU.Build.0 = Debug|Any CPU
		{A02982A1-2801-4D00-B5F6-4AE09FE5D808}.Release|Any CPU.ActiveCfg = Release|Any CPU
		{A02982A1-2801-4D00-B5F6-4AE09FE5D808}.Release|Any CPU.Build.0 = Release|Any CPU
		{5AB5F901-3E1A-4942-AE41-D6F1EC01EDC4}.Debug|Any CPU.ActiveCfg = Debug|Any CPU
		{5AB5F901-3E1A-4942-AE41-D6F1EC01EDC4}.Debug|Any CPU.Build.0 = Debug|Any CPU
		{5AB5F901-3E1A-4942-AE41-D6F1EC01EDC4}.Release|Any CPU.ActiveCfg = Release|Any CPU
		{5AB5F901-3E1A-4942-AE41-D6F1EC01EDC4}.Release|Any CPU.Build.0 = Release|Any CPU
		{ECFF7519-6149-4BAC-8A99-B1DFD5F0B4CD}.Debug|Any CPU.ActiveCfg = Debug|Any CPU
		{ECFF7519-6149-4BAC-8A99-B1DFD5F0B4CD}.Debug|Any CPU.Build.0 = Debug|Any CPU
		{ECFF7519-6149-4BAC-8A99-B1DFD5F0B4CD}.Release|Any CPU.ActiveCfg = Release|Any CPU
		{ECFF7519-6149-4BAC-8A99-B1DFD5F0B4CD}.Release|Any CPU.Build.0 = Release|Any CPU
		{71189C1E-8AF6-465D-9733-2EA5CA56E023}.Debug|Any CPU.ActiveCfg = Debug|Any CPU
		{71189C1E-8AF6-465D-9733-2EA5CA56E023}.Debug|Any CPU.Build.0 = Debug|Any CPU
		{71189C1E-8AF6-465D-9733-2EA5CA56E023}.Release|Any CPU.ActiveCfg = Release|Any CPU
		{71189C1E-8AF6-465D-9733-2EA5CA56E023}.Release|Any CPU.Build.0 = Release|Any CPU
		{8EB32F1D-EEBD-436A-B4DF-A26DE38F28E3}.Debug|Any CPU.ActiveCfg = Debug|Any CPU
		{8EB32F1D-EEBD-436A-B4DF-A26DE38F28E3}.Debug|Any CPU.Build.0 = Debug|Any CPU
		{8EB32F1D-EEBD-436A-B4DF-A26DE38F28E3}.Release|Any CPU.ActiveCfg = Release|Any CPU
		{8EB32F1D-EEBD-436A-B4DF-A26DE38F28E3}.Release|Any CPU.Build.0 = Release|Any CPU
		{7754401E-0A9E-4FAB-B9F8-B2F03C6FBFE0}.Debug|Any CPU.ActiveCfg = Debug|Any CPU
		{7754401E-0A9E-4FAB-B9F8-B2F03C6FBFE0}.Debug|Any CPU.Build.0 = Debug|Any CPU
		{7754401E-0A9E-4FAB-B9F8-B2F03C6FBFE0}.Release|Any CPU.ActiveCfg = Release|Any CPU
		{7754401E-0A9E-4FAB-B9F8-B2F03C6FBFE0}.Release|Any CPU.Build.0 = Release|Any CPU
		{D576A645-16AE-44C2-98D1-CAFAEEC68DCB}.Debug|Any CPU.ActiveCfg = Debug|Any CPU
		{D576A645-16AE-44C2-98D1-CAFAEEC68DCB}.Debug|Any CPU.Build.0 = Debug|Any CPU
		{D576A645-16AE-44C2-98D1-CAFAEEC68DCB}.Release|Any CPU.ActiveCfg = Release|Any CPU
		{D576A645-16AE-44C2-98D1-CAFAEEC68DCB}.Release|Any CPU.Build.0 = Release|Any CPU
	EndGlobalSection
	GlobalSection(SolutionProperties) = preSolution
		HideSolutionNode = FALSE
	EndGlobalSection
	GlobalSection(NestedProjects) = preSolution
		{A02AD00A-D4B5-49F3-9C7E-F21FB52EDEC7} = {97B8B353-98FE-4114-B9DD-DF37CAD1377A}
		{973601CC-C81F-42B1-A92F-2584C12F879C} = {97B8B353-98FE-4114-B9DD-DF37CAD1377A}
		{E4D103FB-17B3-4692-AA8F-777369E38792} = {23DF379D-2B5B-4173-AF91-0F7AC3CAC253}
		{3B003D77-5921-4472-9AFC-ECCD5325625A} = {CE8D084B-A9AB-42CE-AC87-E7C2F6BE6F4C}
		{9FD7A4B9-C81F-47D3-B3F6-286F0F897730} = {CE8D084B-A9AB-42CE-AC87-E7C2F6BE6F4C}
		{1D548533-FF8A-4789-8CA0-DB057F490A79} = {A3C01C2D-AD47-476B-9D31-4CB14CF2BCC0}
		{D9ABF12D-D07A-482D-BB8F-FF0EAC57EAAE} = {CE8D084B-A9AB-42CE-AC87-E7C2F6BE6F4C}
		{AA6BD65A-05E6-4A83-90AE-1CAEF59392F7} = {23DF379D-2B5B-4173-AF91-0F7AC3CAC253}
		{AFE1A8A1-0786-4505-BCC8-13DA69C2F78B} = {23DF379D-2B5B-4173-AF91-0F7AC3CAC253}
		{A02982A1-2801-4D00-B5F6-4AE09FE5D808} = {7FF278EE-DE1A-45EE-8BF8-3457394F3356}
		{5AB5F901-3E1A-4942-AE41-D6F1EC01EDC4} = {7FF278EE-DE1A-45EE-8BF8-3457394F3356}
		{ECFF7519-6149-4BAC-8A99-B1DFD5F0B4CD} = {71306C06-2A80-43FD-99CC-9E7C35C214B3}
		{ECF228A2-11A6-4C04-9F0F-4C32887FBC4D} = {DBB5B897-9F12-4CCE-B254-835C53D49B99}
		{7FF278EE-DE1A-45EE-8BF8-3457394F3356} = {DBB5B897-9F12-4CCE-B254-835C53D49B99}
		{71189C1E-8AF6-465D-9733-2EA5CA56E023} = {ECF228A2-11A6-4C04-9F0F-4C32887FBC4D}
		{8EB32F1D-EEBD-436A-B4DF-A26DE38F28E3} = {ECF228A2-11A6-4C04-9F0F-4C32887FBC4D}
		{7754401E-0A9E-4FAB-B9F8-B2F03C6FBFE0} = {97B8B353-98FE-4114-B9DD-DF37CAD1377A}
		{D576A645-16AE-44C2-98D1-CAFAEEC68DCB} = {97B8B353-98FE-4114-B9DD-DF37CAD1377A}
	EndGlobalSection
	GlobalSection(ExtensibilityGlobals) = postSolution
		SolutionGuid = {417B3F37-3B4D-4BC3-8F81-D8AE2D4CAE19}
	EndGlobalSection
EndGlobal
